
Microsoft Visual Studio Solution File, Format Version 12.00
# Visual Studio Version 16
VisualStudioVersion = 16.0.31424.327
MinimumVisualStudioVersion = 10.0.40219.1
Project("{FAE04EC0-301F-11D3-BF4B-00C04F79EFBC}") = "FloodDetection", "FloodDetection\FloodDetection.csproj", "{1AFFF3FD-E15F-4E0F-A182-F2C1721AFE70}"
EndProject
Project("{FAE04EC0-301F-11D3-BF4B-00C04F79EFBC}") = "FloodDataProcesser", "FloodDataProcesser\FloodDataProcesser.csproj", "{C31EEBE2-CC50-4C39-A3C3-470505D1E5EC}"
EndProject
Project("{FAE04EC0-301F-11D3-BF4B-00C04F79EFBC}") = "FloodDataProcesserTest", "FloodDataProcesserTest\FloodDataProcesserTest.csproj", "{CD9D31DF-27CF-4719-B31D-DF09561111CD}"
EndProject
Global
	GlobalSection(SolutionConfigurationPlatforms) = preSolution
		Debug|Any CPU = Debug|Any CPU
		Release|Any CPU = Release|Any CPU
	EndGlobalSection
	GlobalSection(ProjectConfigurationPlatforms) = postSolution
		{1AFFF3FD-E15F-4E0F-A182-F2C1721AFE70}.Debug|Any CPU.ActiveCfg = Debug|Any CPU
		{1AFFF3FD-E15F-4E0F-A182-F2C1721AFE70}.Debug|Any CPU.Build.0 = Debug|Any CPU
		{1AFFF3FD-E15F-4E0F-A182-F2C1721AFE70}.Release|Any CPU.ActiveCfg = Release|Any CPU
		{1AFFF3FD-E15F-4E0F-A182-F2C1721AFE70}.Release|Any CPU.Build.0 = Release|Any CPU
		{C31EEBE2-CC50-4C39-A3C3-470505D1E5EC}.Debug|Any CPU.ActiveCfg = Debug|Any CPU
		{C31EEBE2-CC50-4C39-A3C3-470505D1E5EC}.Debug|Any CPU.Build.0 = Debug|Any CPU
		{C31EEBE2-CC50-4C39-A3C3-470505D1E5EC}.Release|Any CPU.ActiveCfg = Release|Any CPU
		{C31EEBE2-CC50-4C39-A3C3-470505D1E5EC}.Release|Any CPU.Build.0 = Release|Any CPU
		{CD9D31DF-27CF-4719-B31D-DF09561111CD}.Debug|Any CPU.ActiveCfg = Debug|Any CPU
		{CD9D31DF-27CF-4719-B31D-DF09561111CD}.Debug|Any CPU.Build.0 = Debug|Any CPU
		{CD9D31DF-27CF-4719-B31D-DF09561111CD}.Release|Any CPU.ActiveCfg = Release|Any CPU
		{CD9D31DF-27CF-4719-B31D-DF09561111CD}.Release|Any CPU.Build.0 = Release|Any CPU
	EndGlobalSection
	GlobalSection(SolutionProperties) = preSolution
		HideSolutionNode = FALSE
	EndGlobalSection
	GlobalSection(ExtensibilityGlobals) = postSolution
		SolutionGuid = {08B00363-4588-4B62-8EC9-CD6E4687109E}
	EndGlobalSection
EndGlobal
